
Microsoft Visual Studio Solution File, Format Version 12.00
# Visual Studio Version 16
VisualStudioVersion = 16.0.30503.244
MinimumVisualStudioVersion = 10.0.40219.1
Project("{FAE04EC0-301F-11D3-BF4B-00C04F79EFBC}") = "WeMe", "WeMe\WeMe.csproj", "{4A3E7F98-F6BB-42A2-B611-AB9AB85EBACA}"
EndProject
Global
	GlobalSection(SolutionConfigurationPlatforms) = preSolution
		Debug|Any CPU = Debug|Any CPU
		Release|Any CPU = Release|Any CPU
	EndGlobalSection
	GlobalSection(ProjectConfigurationPlatforms) = postSolution
		{4A3E7F98-F6BB-42A2-B611-AB9AB85EBACA}.Debug|Any CPU.ActiveCfg = Debug|Any CPU
		{4A3E7F98-F6BB-42A2-B611-AB9AB85EBACA}.Debug|Any CPU.Build.0 = Debug|Any CPU
		{4A3E7F98-F6BB-42A2-B611-AB9AB85EBACA}.Release|Any CPU.ActiveCfg = Release|Any CPU
		{4A3E7F98-F6BB-42A2-B611-AB9AB85EBACA}.Release|Any CPU.Build.0 = Release|Any CPU
	EndGlobalSection
	GlobalSection(SolutionProperties) = preSolution
		HideSolutionNode = FALSE
	EndGlobalSection
	GlobalSection(ExtensibilityGlobals) = postSolution
		SolutionGuid = {ECA83515-DED1-4BBD-A17D-559E06AF155A}
	EndGlobalSection
EndGlobal
